[dependencies]
  [dependencies.k8s]
    name = "k8s"
    full_name = "k8s_1.28"
    version = "1.28"
    sum = "aTxPUVZyr9MdiB3YdiY/8pCh9sC55yURnZdGlJsKG6Q="
    reg = "ghcr.io"
    repo = "kcl-lang/k8s"
    oci_tag = "1.28"
  [dependencies.konfig]
    name = "konfig"
    full_name = "konfig_0.2.0"
    version = "0.2.0"
    sum = "t023zxdghuqs4ZR2WmBEbZ36tVNLvh89qrbBP2nZhnI="
    path = "../../../../../konfig"
